
Microsoft Visual Studio Solution File, Format Version 12.00
# Visual Studio Version 16
VisualStudioVersion = 16.0.30223.230
MinimumVisualStudioVersion = 10.0.40219.1
Project("{9A19103F-16F7-4668-BE54-9A1E7A4F7556}") = "BlazorWebSite", "BlazorWebSite.csproj", "{3F0C7633-080F-487E-8412-3F72237E07D5}"
EndProject
Project("{9A19103F-16F7-4668-BE54-9A1E7A4F7556}") = "CosmosAuthentication", "..\CosmosAuthentication\CosmosAuthentication.csproj", "{C70EF01C-48CF-4B58-AAA1-8A242B9775E6}"
EndProject
Project("{9A19103F-16F7-4668-BE54-9A1E7A4F7556}") = "Common", "Common\Common.csproj", "{CF82E0DA-5DA9-45C9-8E2C-52D25F37DF19}"
EndProject
Global
	GlobalSection(SolutionConfigurationPlatforms) = preSolution
		Debug|Any CPU = Debug|Any CPU
		Release|Any CPU = Release|Any CPU
	EndGlobalSection
	GlobalSection(ProjectConfigurationPlatforms) = postSolution
		{3F0C7633-080F-487E-8412-3F72237E07D5}.Debug|Any CPU.ActiveCfg = Debug|Any CPU
		{3F0C7633-080F-487E-8412-3F72237E07D5}.Debug|Any CPU.Build.0 = Debug|Any CPU
		{3F0C7633-080F-487E-8412-3F72237E07D5}.Release|Any CPU.ActiveCfg = Release|Any CPU
		{3F0C7633-080F-487E-8412-3F72237E07D5}.Release|Any CPU.Build.0 = Release|Any CPU
		{C70EF01C-48CF-4B58-AAA1-8A242B9775E6}.Debug|Any CPU.ActiveCfg = Debug|Any CPU
		{C70EF01C-48CF-4B58-AAA1-8A242B9775E6}.Debug|Any CPU.Build.0 = Debug|Any CPU
		{C70EF01C-48CF-4B58-AAA1-8A242B9775E6}.Release|Any CPU.ActiveCfg = Release|Any CPU
		{C70EF01C-48CF-4B58-AAA1-8A242B9775E6}.Release|Any CPU.Build.0 = Release|Any CPU
		{CF82E0DA-5DA9-45C9-8E2C-52D25F37DF19}.Debug|Any CPU.ActiveCfg = Debug|Any CPU
		{CF82E0DA-5DA9-45C9-8E2C-52D25F37DF19}.Debug|Any CPU.Build.0 = Debug|Any CPU
		{CF82E0DA-5DA9-45C9-8E2C-52D25F37DF19}.Release|Any CPU.ActiveCfg = Release|Any CPU
		{CF82E0DA-5DA9-45C9-8E2C-52D25F37DF19}.Release|Any CPU.Build.0 = Release|Any CPU
	EndGlobalSection
	GlobalSection(SolutionProperties) = preSolution
		HideSolutionNode = FALSE
	EndGlobalSection
	GlobalSection(ExtensibilityGlobals) = postSolution
		SolutionGuid = {DDCF9588-F05A-4786-8313-507257AECA7F}
	EndGlobalSection
EndGlobal
